
Microsoft Visual Studio Solution File, Format Version 12.00
# Visual Studio 15
VisualStudioVersion = 15.0.27703.2047
MinimumVisualStudioVersion = 10.0.40219.1
Project("{FAE04EC0-301F-11D3-BF4B-00C04F79EFBC}") = "Projeto01_ServicosWCF", "Projeto01_ServicosWCF\Projeto01_ServicosWCF.csproj", "{E81BB937-C4A1-485A-9BB2-47A456DF17B8}"
EndProject
Project("{FAE04EC0-301F-11D3-BF4B-00C04F79EFBC}") = "Projeto02_ConsumoWCF", "..\Projeto02_ConsumoWCF\Projeto02_ConsumoWCF.csproj", "{C06C4073-3521-4574-BFE8-5B3F4D95B4C2}"
	ProjectSection(ProjectDependencies) = postProject
		{E81BB937-C4A1-485A-9BB2-47A456DF17B8} = {E81BB937-C4A1-485A-9BB2-47A456DF17B8}
	EndProjectSection
EndProject
Project("{FAE04EC0-301F-11D3-BF4B-00C04F79EFBC}") = "Projeto02_WCFPagamentos", "..\Projeto02_WCFPagamentos\Projeto02_WCFPagamentos\Projeto02_WCFPagamentos.csproj", "{0280529D-27AF-48AC-8029-592476C22448}"
EndProject
Global
	GlobalSection(SolutionConfigurationPlatforms) = preSolution
		Debug|Any CPU = Debug|Any CPU
		Release|Any CPU = Release|Any CPU
	EndGlobalSection
	GlobalSection(ProjectConfigurationPlatforms) = postSolution
		{E81BB937-C4A1-485A-9BB2-47A456DF17B8}.Debug|Any CPU.ActiveCfg = Debug|Any CPU
		{E81BB937-C4A1-485A-9BB2-47A456DF17B8}.Debug|Any CPU.Build.0 = Debug|Any CPU
		{E81BB937-C4A1-485A-9BB2-47A456DF17B8}.Release|Any CPU.ActiveCfg = Release|Any CPU
		{E81BB937-C4A1-485A-9BB2-47A456DF17B8}.Release|Any CPU.Build.0 = Release|Any CPU
		{C06C4073-3521-4574-BFE8-5B3F4D95B4C2}.Debug|Any CPU.ActiveCfg = Debug|Any CPU
		{C06C4073-3521-4574-BFE8-5B3F4D95B4C2}.Debug|Any CPU.Build.0 = Debug|Any CPU
		{C06C4073-3521-4574-BFE8-5B3F4D95B4C2}.Release|Any CPU.ActiveCfg = Release|Any CPU
		{C06C4073-3521-4574-BFE8-5B3F4D95B4C2}.Release|Any CPU.Build.0 = Release|Any CPU
		{0280529D-27AF-48AC-8029-592476C22448}.Debug|Any CPU.ActiveCfg = Debug|Any CPU
		{0280529D-27AF-48AC-8029-592476C22448}.Debug|Any CPU.Build.0 = Debug|Any CPU
		{0280529D-27AF-48AC-8029-592476C22448}.Release|Any CPU.ActiveCfg = Release|Any CPU
		{0280529D-27AF-48AC-8029-592476C22448}.Release|Any CPU.Build.0 = Release|Any CPU
	EndGlobalSection
	GlobalSection(SolutionProperties) = preSolution
		HideSolutionNode = FALSE
	EndGlobalSection
	GlobalSection(ExtensibilityGlobals) = postSolution
		SolutionGuid = {2AC599A9-A4A3-4EC9-BEB6-241CBE47D30E}
	EndGlobalSection
EndGlobal
